
Microsoft Visual Studio Solution File, Format Version 12.00
# Visual Studio Version 16
VisualStudioVersion = 16.0.30611.23
MinimumVisualStudioVersion = 10.0.40219.1
Project("{8BC9CEB8-8B4A-11D0-8D11-00A0C91BC942}") = "02 2D_game", "02 2D_game\02 2D_game.vcxproj", "{7EEA25C1-3F12-4A65-B06D-767A18E28AE6}"
EndProject
Global
	GlobalSection(SolutionConfigurationPlatforms) = preSolution
		Debug|x64 = Debug|x64
		Debug|x86 = Debug|x86
		Release|x64 = Release|x64
		Release|x86 = Release|x86
	EndGlobalSection
	GlobalSection(ProjectConfigurationPlatforms) = postSolution
		{7EEA25C1-3F12-4A65-B06D-767A18E28AE6}.Debug|x64.ActiveCfg = Debug|x64
		{7EEA25C1-3F12-4A65-B06D-767A18E28AE6}.Debug|x64.Build.0 = Debug|x64
		{7EEA25C1-3F12-4A65-B06D-767A18E28AE6}.Debug|x86.ActiveCfg = Debug|Win32
		{7EEA25C1-3F12-4A65-B06D-767A18E28AE6}.Debug|x86.Build.0 = Debug|Win32
		{7EEA25C1-3F12-4A65-B06D-767A18E28AE6}.Release|x64.ActiveCfg = Release|x64
		{7EEA25C1-3F12-4A65-B06D-767A18E28AE6}.Release|x64.Build.0 = Release|x64
		{7EEA25C1-3F12-4A65-B06D-767A18E28AE6}.Release|x86.ActiveCfg = Release|Win32
		{7EEA25C1-3F12-4A65-B06D-767A18E28AE6}.Release|x86.Build.0 = Release|Win32
	EndGlobalSection
	GlobalSection(SolutionProperties) = preSolution
		HideSolutionNode = FALSE
	EndGlobalSection
	GlobalSection(ExtensibilityGlobals) = postSolution
		SolutionGuid = {9CFFD093-6C5D-4B93-926E-C85974E3001D}
	EndGlobalSection
EndGlobal
